
Microsoft Visual Studio Solution File, Format Version 12.00
# Visual Studio 2013
VisualStudioVersion = 12.0.30501.0
MinimumVisualStudioVersion = 10.0.40219.1
Project("{F2A71F9B-5D33-465A-A702-920D77279786}") = "FeldSpar.Framework", "FeldSparFramework\FeldSpar.Framework.fsproj", "{AD56B1EE-515D-40D2-8217-4B4335C0A37B}"
EndProject
Project("{F2A71F9B-5D33-465A-A702-920D77279786}") = "FeldSpar.Console", "FeldSpar.Console\FeldSpar.Console.fsproj", "{F5AC016A-D435-4A8E-A7B5-BE504E7E51A9}"
EndProject
Project("{F2A71F9B-5D33-465A-A702-920D77279786}") = "FeldSpar.Tests", "FeldSpar.Tests\FeldSpar.Tests.fsproj", "{235241F1-BDA3-4F17-B45E-AF248DE5D00E}"
EndProject
Global
	GlobalSection(SolutionConfigurationPlatforms) = preSolution
		Debug|Any CPU = Debug|Any CPU
		Release|Any CPU = Release|Any CPU
	EndGlobalSection
	GlobalSection(ProjectConfigurationPlatforms) = postSolution
		{AD56B1EE-515D-40D2-8217-4B4335C0A37B}.Debug|Any CPU.ActiveCfg = Debug|Any CPU
		{AD56B1EE-515D-40D2-8217-4B4335C0A37B}.Debug|Any CPU.Build.0 = Debug|Any CPU
		{AD56B1EE-515D-40D2-8217-4B4335C0A37B}.Release|Any CPU.ActiveCfg = Release|Any CPU
		{AD56B1EE-515D-40D2-8217-4B4335C0A37B}.Release|Any CPU.Build.0 = Release|Any CPU
		{F5AC016A-D435-4A8E-A7B5-BE504E7E51A9}.Debug|Any CPU.ActiveCfg = Debug|Any CPU
		{F5AC016A-D435-4A8E-A7B5-BE504E7E51A9}.Debug|Any CPU.Build.0 = Debug|Any CPU
		{F5AC016A-D435-4A8E-A7B5-BE504E7E51A9}.Release|Any CPU.ActiveCfg = Release|Any CPU
		{F5AC016A-D435-4A8E-A7B5-BE504E7E51A9}.Release|Any CPU.Build.0 = Release|Any CPU
		{235241F1-BDA3-4F17-B45E-AF248DE5D00E}.Debug|Any CPU.ActiveCfg = Debug|Any CPU
		{235241F1-BDA3-4F17-B45E-AF248DE5D00E}.Debug|Any CPU.Build.0 = Debug|Any CPU
		{235241F1-BDA3-4F17-B45E-AF248DE5D00E}.Release|Any CPU.ActiveCfg = Release|Any CPU
		{235241F1-BDA3-4F17-B45E-AF248DE5D00E}.Release|Any CPU.Build.0 = Release|Any CPU
	EndGlobalSection
	GlobalSection(SolutionProperties) = preSolution
		HideSolutionNode = FALSE
	EndGlobalSection
EndGlobal
