
Microsoft Visual Studio Solution File, Format Version 12.00
# Visual Studio 14
VisualStudioVersion = 14.0.25123.0
MinimumVisualStudioVersion = 10.0.40219.1
Project("{F2A71F9B-5D33-465A-A702-920D77279786}") = "FeldSpar.46.Framework", "FeldSparFramework\FeldSpar.46.Framework.fsproj", "{AD56B1EE-515D-40D2-8217-4B4335C0A37B}"
EndProject
Project("{2150E333-8FDC-42A3-9474-1A3956D46DE8}") = "BuildScript", "BuildScript", "{2633B59D-9B7E-4C43-AF6D-7728BAB53E64}"
	ProjectSection(SolutionItems) = preProject
		build.fsx = build.fsx
	EndProjectSection
EndProject
Project("{2150E333-8FDC-42A3-9474-1A3956D46DE8}") = ".nuget", ".nuget", "{D5009B18-C324-4B4A-8F03-292386BF91B2}"
	ProjectSection(SolutionItems) = preProject
		.nuget\packages.config = .nuget\packages.config
	EndProjectSection
EndProject
Project("{F2A71F9B-5D33-465A-A702-920D77279786}") = "FeldSpar.46.Tests", "FeldSpar.Tests\FeldSpar.46.Tests.fsproj", "{6F2261D9-2268-4595-B35D-C401148906D5}"
EndProject
Project("{2150E333-8FDC-42A3-9474-1A3956D46DE8}") = "Solution Items", "Solution Items", "{B84953F4-F188-4E3E-95AB-EFA278975C4A}"
	ProjectSection(SolutionItems) = preProject
		runreport.json = runreport.json
	EndProjectSection
EndProject
Project("{F2A71F9B-5D33-465A-A702-920D77279786}") = "FeldSpar.46.ContinuousIntegration", "FeldSpar.ContinuousIntegration\FeldSpar.46.ContinuousIntegration.fsproj", "{F5AC016A-D435-4A8E-A7B5-BE504E7E51A9}"
EndProject
Project("{F2A71F9B-5D33-465A-A702-920D77279786}") = "FeldSpar.40.Framework", "FeldSparFramework\FeldSpar.40.Framework.fsproj", "{744CE068-0DA4-4D19-8E1C-5D50ECDC4544}"
EndProject
Project("{F2A71F9B-5D33-465A-A702-920D77279786}") = "FeldSpar.40.Tests", "FeldSpar.Tests\FeldSpar.40.Tests.fsproj", "{087E1A2C-A30E-4C89-9EF4-3A501F32FF2F}"
EndProject
Project("{F2A71F9B-5D33-465A-A702-920D77279786}") = "FeldSpar.40.ContinuousIntegration", "FeldSpar.ContinuousIntegration\FeldSpar.40.ContinuousIntegration.fsproj", "{4A53DA48-F1EC-499E-B447-733A7318700D}"
EndProject
Project("{F2A71F9B-5D33-465A-A702-920D77279786}") = "FeldSpar.45.Framework", "FeldSparFramework\FeldSpar.45.Framework.fsproj", "{3FEA031A-7CA6-42B2-B596-660EB846D19A}"
EndProject
Project("{F2A71F9B-5D33-465A-A702-920D77279786}") = "FeldSpar.45.Tests", "FeldSpar.Tests\FeldSpar.45.Tests.fsproj", "{EAA9ED5F-6981-4B5E-A7DA-794010705914}"
EndProject
Project("{F2A71F9B-5D33-465A-A702-920D77279786}") = "FeldSpar.45.ContinuousIntegration", "FeldSpar.ContinuousIntegration\FeldSpar.45.ContinuousIntegration.fsproj", "{D51818DD-B3E7-4974-866B-D77407695B22}"
EndProject
Project("{F2A71F9B-5D33-465A-A702-920D77279786}") = "FeldSpar.451.Framework", "FeldSparFramework\FeldSpar.451.Framework.fsproj", "{A4055EF2-B775-492C-927E-01BBF5C39347}"
EndProject
Global
	GlobalSection(SolutionConfigurationPlatforms) = preSolution
		Debug|Any CPU = Debug|Any CPU
		Debug|Mixed Platforms = Debug|Mixed Platforms
		Debug|x86 = Debug|x86
		Release|Any CPU = Release|Any CPU
		Release|Mixed Platforms = Release|Mixed Platforms
		Release|x86 = Release|x86
	EndGlobalSection
	GlobalSection(ProjectConfigurationPlatforms) = postSolution
		{AD56B1EE-515D-40D2-8217-4B4335C0A37B}.Debug|Any CPU.ActiveCfg = Debug|Any CPU
		{AD56B1EE-515D-40D2-8217-4B4335C0A37B}.Debug|Any CPU.Build.0 = Debug|Any CPU
		{AD56B1EE-515D-40D2-8217-4B4335C0A37B}.Debug|Mixed Platforms.ActiveCfg = Debug|Any CPU
		{AD56B1EE-515D-40D2-8217-4B4335C0A37B}.Debug|Mixed Platforms.Build.0 = Debug|Any CPU
		{AD56B1EE-515D-40D2-8217-4B4335C0A37B}.Debug|x86.ActiveCfg = Debug|Any CPU
		{AD56B1EE-515D-40D2-8217-4B4335C0A37B}.Release|Any CPU.ActiveCfg = Release|Any CPU
		{AD56B1EE-515D-40D2-8217-4B4335C0A37B}.Release|Any CPU.Build.0 = Release|Any CPU
		{AD56B1EE-515D-40D2-8217-4B4335C0A37B}.Release|Mixed Platforms.ActiveCfg = Release|Any CPU
		{AD56B1EE-515D-40D2-8217-4B4335C0A37B}.Release|Mixed Platforms.Build.0 = Release|Any CPU
		{AD56B1EE-515D-40D2-8217-4B4335C0A37B}.Release|x86.ActiveCfg = Release|Any CPU
		{6F2261D9-2268-4595-B35D-C401148906D5}.Debug|Any CPU.ActiveCfg = Debug|Any CPU
		{6F2261D9-2268-4595-B35D-C401148906D5}.Debug|Any CPU.Build.0 = Debug|Any CPU
		{6F2261D9-2268-4595-B35D-C401148906D5}.Debug|Mixed Platforms.ActiveCfg = Debug|Any CPU
		{6F2261D9-2268-4595-B35D-C401148906D5}.Debug|Mixed Platforms.Build.0 = Debug|Any CPU
		{6F2261D9-2268-4595-B35D-C401148906D5}.Debug|x86.ActiveCfg = Debug|Any CPU
		{6F2261D9-2268-4595-B35D-C401148906D5}.Release|Any CPU.ActiveCfg = Release|Any CPU
		{6F2261D9-2268-4595-B35D-C401148906D5}.Release|Any CPU.Build.0 = Release|Any CPU
		{6F2261D9-2268-4595-B35D-C401148906D5}.Release|Mixed Platforms.ActiveCfg = Release|Any CPU
		{6F2261D9-2268-4595-B35D-C401148906D5}.Release|Mixed Platforms.Build.0 = Release|Any CPU
		{6F2261D9-2268-4595-B35D-C401148906D5}.Release|x86.ActiveCfg = Release|Any CPU
		{F5AC016A-D435-4A8E-A7B5-BE504E7E51A9}.Debug|Any CPU.ActiveCfg = Debug|Any CPU
		{F5AC016A-D435-4A8E-A7B5-BE504E7E51A9}.Debug|Any CPU.Build.0 = Debug|Any CPU
		{F5AC016A-D435-4A8E-A7B5-BE504E7E51A9}.Debug|Mixed Platforms.ActiveCfg = Debug|Any CPU
		{F5AC016A-D435-4A8E-A7B5-BE504E7E51A9}.Debug|Mixed Platforms.Build.0 = Debug|Any CPU
		{F5AC016A-D435-4A8E-A7B5-BE504E7E51A9}.Debug|x86.ActiveCfg = Debug|Any CPU
		{F5AC016A-D435-4A8E-A7B5-BE504E7E51A9}.Debug|x86.Build.0 = Debug|Any CPU
		{F5AC016A-D435-4A8E-A7B5-BE504E7E51A9}.Release|Any CPU.ActiveCfg = Release|Any CPU
		{F5AC016A-D435-4A8E-A7B5-BE504E7E51A9}.Release|Any CPU.Build.0 = Release|Any CPU
		{F5AC016A-D435-4A8E-A7B5-BE504E7E51A9}.Release|Mixed Platforms.ActiveCfg = Release|Any CPU
		{F5AC016A-D435-4A8E-A7B5-BE504E7E51A9}.Release|Mixed Platforms.Build.0 = Release|Any CPU
		{F5AC016A-D435-4A8E-A7B5-BE504E7E51A9}.Release|x86.ActiveCfg = Release|Any CPU
		{F5AC016A-D435-4A8E-A7B5-BE504E7E51A9}.Release|x86.Build.0 = Release|Any CPU
		{744CE068-0DA4-4D19-8E1C-5D50ECDC4544}.Debug|Any CPU.ActiveCfg = Debug|Any CPU
		{744CE068-0DA4-4D19-8E1C-5D50ECDC4544}.Debug|Any CPU.Build.0 = Debug|Any CPU
		{744CE068-0DA4-4D19-8E1C-5D50ECDC4544}.Debug|Mixed Platforms.ActiveCfg = Debug|Any CPU
		{744CE068-0DA4-4D19-8E1C-5D50ECDC4544}.Debug|Mixed Platforms.Build.0 = Debug|Any CPU
		{744CE068-0DA4-4D19-8E1C-5D50ECDC4544}.Debug|x86.ActiveCfg = Debug|Any CPU
		{744CE068-0DA4-4D19-8E1C-5D50ECDC4544}.Debug|x86.Build.0 = Debug|Any CPU
		{744CE068-0DA4-4D19-8E1C-5D50ECDC4544}.Release|Any CPU.ActiveCfg = Release|Any CPU
		{744CE068-0DA4-4D19-8E1C-5D50ECDC4544}.Release|Any CPU.Build.0 = Release|Any CPU
		{744CE068-0DA4-4D19-8E1C-5D50ECDC4544}.Release|Mixed Platforms.ActiveCfg = Release|Any CPU
		{744CE068-0DA4-4D19-8E1C-5D50ECDC4544}.Release|Mixed Platforms.Build.0 = Release|Any CPU
		{744CE068-0DA4-4D19-8E1C-5D50ECDC4544}.Release|x86.ActiveCfg = Release|Any CPU
		{744CE068-0DA4-4D19-8E1C-5D50ECDC4544}.Release|x86.Build.0 = Release|Any CPU
		{087E1A2C-A30E-4C89-9EF4-3A501F32FF2F}.Debug|Any CPU.ActiveCfg = Debug|Any CPU
		{087E1A2C-A30E-4C89-9EF4-3A501F32FF2F}.Debug|Any CPU.Build.0 = Debug|Any CPU
		{087E1A2C-A30E-4C89-9EF4-3A501F32FF2F}.Debug|Mixed Platforms.ActiveCfg = Debug|Any CPU
		{087E1A2C-A30E-4C89-9EF4-3A501F32FF2F}.Debug|Mixed Platforms.Build.0 = Debug|Any CPU
		{087E1A2C-A30E-4C89-9EF4-3A501F32FF2F}.Debug|x86.ActiveCfg = Debug|Any CPU
		{087E1A2C-A30E-4C89-9EF4-3A501F32FF2F}.Debug|x86.Build.0 = Debug|Any CPU
		{087E1A2C-A30E-4C89-9EF4-3A501F32FF2F}.Release|Any CPU.ActiveCfg = Release|Any CPU
		{087E1A2C-A30E-4C89-9EF4-3A501F32FF2F}.Release|Any CPU.Build.0 = Release|Any CPU
		{087E1A2C-A30E-4C89-9EF4-3A501F32FF2F}.Release|Mixed Platforms.ActiveCfg = Release|Any CPU
		{087E1A2C-A30E-4C89-9EF4-3A501F32FF2F}.Release|Mixed Platforms.Build.0 = Release|Any CPU
		{087E1A2C-A30E-4C89-9EF4-3A501F32FF2F}.Release|x86.ActiveCfg = Release|Any CPU
		{087E1A2C-A30E-4C89-9EF4-3A501F32FF2F}.Release|x86.Build.0 = Release|Any CPU
		{4A53DA48-F1EC-499E-B447-733A7318700D}.Debug|Any CPU.ActiveCfg = Debug|Any CPU
		{4A53DA48-F1EC-499E-B447-733A7318700D}.Debug|Any CPU.Build.0 = Debug|Any CPU
		{4A53DA48-F1EC-499E-B447-733A7318700D}.Debug|Mixed Platforms.ActiveCfg = Debug|Any CPU
		{4A53DA48-F1EC-499E-B447-733A7318700D}.Debug|Mixed Platforms.Build.0 = Debug|Any CPU
		{4A53DA48-F1EC-499E-B447-733A7318700D}.Debug|x86.ActiveCfg = Debug|Any CPU
		{4A53DA48-F1EC-499E-B447-733A7318700D}.Debug|x86.Build.0 = Debug|Any CPU
		{4A53DA48-F1EC-499E-B447-733A7318700D}.Release|Any CPU.ActiveCfg = Release|Any CPU
		{4A53DA48-F1EC-499E-B447-733A7318700D}.Release|Any CPU.Build.0 = Release|Any CPU
		{4A53DA48-F1EC-499E-B447-733A7318700D}.Release|Mixed Platforms.ActiveCfg = Release|Any CPU
		{4A53DA48-F1EC-499E-B447-733A7318700D}.Release|Mixed Platforms.Build.0 = Release|Any CPU
		{4A53DA48-F1EC-499E-B447-733A7318700D}.Release|x86.ActiveCfg = Release|Any CPU
		{4A53DA48-F1EC-499E-B447-733A7318700D}.Release|x86.Build.0 = Release|Any CPU
		{3FEA031A-7CA6-42B2-B596-660EB846D19A}.Debug|Any CPU.ActiveCfg = Debug|Any CPU
		{3FEA031A-7CA6-42B2-B596-660EB846D19A}.Debug|Any CPU.Build.0 = Debug|Any CPU
		{3FEA031A-7CA6-42B2-B596-660EB846D19A}.Debug|Mixed Platforms.ActiveCfg = Debug|Any CPU
		{3FEA031A-7CA6-42B2-B596-660EB846D19A}.Debug|Mixed Platforms.Build.0 = Debug|Any CPU
		{3FEA031A-7CA6-42B2-B596-660EB846D19A}.Debug|x86.ActiveCfg = Debug|Any CPU
		{3FEA031A-7CA6-42B2-B596-660EB846D19A}.Debug|x86.Build.0 = Debug|Any CPU
		{3FEA031A-7CA6-42B2-B596-660EB846D19A}.Release|Any CPU.ActiveCfg = Release|Any CPU
		{3FEA031A-7CA6-42B2-B596-660EB846D19A}.Release|Any CPU.Build.0 = Release|Any CPU
		{3FEA031A-7CA6-42B2-B596-660EB846D19A}.Release|Mixed Platforms.ActiveCfg = Release|Any CPU
		{3FEA031A-7CA6-42B2-B596-660EB846D19A}.Release|Mixed Platforms.Build.0 = Release|Any CPU
		{3FEA031A-7CA6-42B2-B596-660EB846D19A}.Release|x86.ActiveCfg = Release|Any CPU
		{3FEA031A-7CA6-42B2-B596-660EB846D19A}.Release|x86.Build.0 = Release|Any CPU
		{EAA9ED5F-6981-4B5E-A7DA-794010705914}.Debug|Any CPU.ActiveCfg = Debug|Any CPU
		{EAA9ED5F-6981-4B5E-A7DA-794010705914}.Debug|Any CPU.Build.0 = Debug|Any CPU
		{EAA9ED5F-6981-4B5E-A7DA-794010705914}.Debug|Mixed Platforms.ActiveCfg = Debug|Any CPU
		{EAA9ED5F-6981-4B5E-A7DA-794010705914}.Debug|Mixed Platforms.Build.0 = Debug|Any CPU
		{EAA9ED5F-6981-4B5E-A7DA-794010705914}.Debug|x86.ActiveCfg = Debug|Any CPU
		{EAA9ED5F-6981-4B5E-A7DA-794010705914}.Debug|x86.Build.0 = Debug|Any CPU
		{EAA9ED5F-6981-4B5E-A7DA-794010705914}.Release|Any CPU.ActiveCfg = Release|Any CPU
		{EAA9ED5F-6981-4B5E-A7DA-794010705914}.Release|Any CPU.Build.0 = Release|Any CPU
		{EAA9ED5F-6981-4B5E-A7DA-794010705914}.Release|Mixed Platforms.ActiveCfg = Release|Any CPU
		{EAA9ED5F-6981-4B5E-A7DA-794010705914}.Release|Mixed Platforms.Build.0 = Release|Any CPU
		{EAA9ED5F-6981-4B5E-A7DA-794010705914}.Release|x86.ActiveCfg = Release|Any CPU
		{EAA9ED5F-6981-4B5E-A7DA-794010705914}.Release|x86.Build.0 = Release|Any CPU
		{D51818DD-B3E7-4974-866B-D77407695B22}.Debug|Any CPU.ActiveCfg = Debug|Any CPU
		{D51818DD-B3E7-4974-866B-D77407695B22}.Debug|Any CPU.Build.0 = Debug|Any CPU
		{D51818DD-B3E7-4974-866B-D77407695B22}.Debug|Mixed Platforms.ActiveCfg = Debug|Any CPU
		{D51818DD-B3E7-4974-866B-D77407695B22}.Debug|Mixed Platforms.Build.0 = Debug|Any CPU
		{D51818DD-B3E7-4974-866B-D77407695B22}.Debug|x86.ActiveCfg = Debug|Any CPU
		{D51818DD-B3E7-4974-866B-D77407695B22}.Debug|x86.Build.0 = Debug|Any CPU
		{D51818DD-B3E7-4974-866B-D77407695B22}.Release|Any CPU.ActiveCfg = Release|Any CPU
		{D51818DD-B3E7-4974-866B-D77407695B22}.Release|Any CPU.Build.0 = Release|Any CPU
		{D51818DD-B3E7-4974-866B-D77407695B22}.Release|Mixed Platforms.ActiveCfg = Release|Any CPU
		{D51818DD-B3E7-4974-866B-D77407695B22}.Release|Mixed Platforms.Build.0 = Release|Any CPU
		{D51818DD-B3E7-4974-866B-D77407695B22}.Release|x86.ActiveCfg = Release|Any CPU
		{D51818DD-B3E7-4974-866B-D77407695B22}.Release|x86.Build.0 = Release|Any CPU
		{A4055EF2-B775-492C-927E-01BBF5C39347}.Debug|Any CPU.ActiveCfg = Debug|Any CPU
		{A4055EF2-B775-492C-927E-01BBF5C39347}.Debug|Any CPU.Build.0 = Debug|Any CPU
		{A4055EF2-B775-492C-927E-01BBF5C39347}.Debug|Mixed Platforms.ActiveCfg = Debug|Any CPU
		{A4055EF2-B775-492C-927E-01BBF5C39347}.Debug|Mixed Platforms.Build.0 = Debug|Any CPU
		{A4055EF2-B775-492C-927E-01BBF5C39347}.Debug|x86.ActiveCfg = Debug|Any CPU
		{A4055EF2-B775-492C-927E-01BBF5C39347}.Debug|x86.Build.0 = Debug|Any CPU
		{A4055EF2-B775-492C-927E-01BBF5C39347}.Release|Any CPU.ActiveCfg = Release|Any CPU
		{A4055EF2-B775-492C-927E-01BBF5C39347}.Release|Any CPU.Build.0 = Release|Any CPU
		{A4055EF2-B775-492C-927E-01BBF5C39347}.Release|Mixed Platforms.ActiveCfg = Release|Any CPU
		{A4055EF2-B775-492C-927E-01BBF5C39347}.Release|Mixed Platforms.Build.0 = Release|Any CPU
		{A4055EF2-B775-492C-927E-01BBF5C39347}.Release|x86.ActiveCfg = Release|Any CPU
		{A4055EF2-B775-492C-927E-01BBF5C39347}.Release|x86.Build.0 = Release|Any CPU
	EndGlobalSection
	GlobalSection(SolutionProperties) = preSolution
		HideSolutionNode = FALSE
	EndGlobalSection
EndGlobal
