
Microsoft Visual Studio Solution File, Format Version 12.00
# Visual Studio 2013
VisualStudioVersion = 12.0.30723.0
MinimumVisualStudioVersion = 10.0.40219.1
Project("{F2A71F9B-5D33-465A-A702-920D77279786}") = "FeldSpar.Framework", "FeldSparFramework\FeldSpar.Framework.fsproj", "{AD56B1EE-515D-40D2-8217-4B4335C0A37B}"
EndProject
Project("{F2A71F9B-5D33-465A-A702-920D77279786}") = "FeldSpar.Console", "FeldSpar.Console\FeldSpar.Console.fsproj", "{F5AC016A-D435-4A8E-A7B5-BE504E7E51A9}"
EndProject
Project("{2150E333-8FDC-42A3-9474-1A3956D46DE8}") = "BuildScript", "BuildScript", "{2633B59D-9B7E-4C43-AF6D-7728BAB53E64}"
	ProjectSection(SolutionItems) = preProject
		build.fsx = build.fsx
	EndProjectSection
EndProject
Project("{2150E333-8FDC-42A3-9474-1A3956D46DE8}") = ".nuget", ".nuget", "{D5009B18-C324-4B4A-8F03-292386BF91B2}"
	ProjectSection(SolutionItems) = preProject
		.nuget\packages.config = .nuget\packages.config
	EndProjectSection
EndProject
Project("{F2A71F9B-5D33-465A-A702-920D77279786}") = "FeldSpar.Tests", "FeldSpar.Tests\FeldSpar.Tests.fsproj", "{6F2261D9-2268-4595-B35D-C401148906D5}"
EndProject
Project("{F2A71F9B-5D33-465A-A702-920D77279786}") = "PathFindindTests", "PathFindindTests\PathFindindTests.fsproj", "{546D5801-9FD4-4A17-AF78-A150AFE59F44}"
EndProject
Project("{FAE04EC0-301F-11D3-BF4B-00C04F79EFBC}") = "FeldSpar.CSharp.Exploration", "FeldSpar.CSharp.Exploration\FeldSpar.CSharp.Exploration.csproj", "{8AB397E0-B17F-4432-A5F1-5099C896C109}"
EndProject
Project("{FAE04EC0-301F-11D3-BF4B-00C04F79EFBC}") = "FeldSparGui", "GuiRunner\FeldSparGui.csproj", "{1CB4C291-BE55-496C-B32C-638DA258A486}"
EndProject
Global
	GlobalSection(SolutionConfigurationPlatforms) = preSolution
		Debug|Any CPU = Debug|Any CPU
		Release|Any CPU = Release|Any CPU
	EndGlobalSection
	GlobalSection(ProjectConfigurationPlatforms) = postSolution
		{AD56B1EE-515D-40D2-8217-4B4335C0A37B}.Debug|Any CPU.ActiveCfg = Debug|Any CPU
		{AD56B1EE-515D-40D2-8217-4B4335C0A37B}.Debug|Any CPU.Build.0 = Debug|Any CPU
		{AD56B1EE-515D-40D2-8217-4B4335C0A37B}.Release|Any CPU.ActiveCfg = Release|Any CPU
		{AD56B1EE-515D-40D2-8217-4B4335C0A37B}.Release|Any CPU.Build.0 = Release|Any CPU
		{F5AC016A-D435-4A8E-A7B5-BE504E7E51A9}.Debug|Any CPU.ActiveCfg = Debug|Any CPU
		{F5AC016A-D435-4A8E-A7B5-BE504E7E51A9}.Debug|Any CPU.Build.0 = Debug|Any CPU
		{F5AC016A-D435-4A8E-A7B5-BE504E7E51A9}.Release|Any CPU.ActiveCfg = Release|Any CPU
		{F5AC016A-D435-4A8E-A7B5-BE504E7E51A9}.Release|Any CPU.Build.0 = Release|Any CPU
		{6F2261D9-2268-4595-B35D-C401148906D5}.Debug|Any CPU.ActiveCfg = Debug|Any CPU
		{6F2261D9-2268-4595-B35D-C401148906D5}.Debug|Any CPU.Build.0 = Debug|Any CPU
		{6F2261D9-2268-4595-B35D-C401148906D5}.Release|Any CPU.ActiveCfg = Release|Any CPU
		{6F2261D9-2268-4595-B35D-C401148906D5}.Release|Any CPU.Build.0 = Release|Any CPU
		{546D5801-9FD4-4A17-AF78-A150AFE59F44}.Debug|Any CPU.ActiveCfg = Debug|Any CPU
		{546D5801-9FD4-4A17-AF78-A150AFE59F44}.Debug|Any CPU.Build.0 = Debug|Any CPU
		{546D5801-9FD4-4A17-AF78-A150AFE59F44}.Release|Any CPU.ActiveCfg = Release|Any CPU
		{546D5801-9FD4-4A17-AF78-A150AFE59F44}.Release|Any CPU.Build.0 = Release|Any CPU
		{8AB397E0-B17F-4432-A5F1-5099C896C109}.Debug|Any CPU.ActiveCfg = Debug|Any CPU
		{8AB397E0-B17F-4432-A5F1-5099C896C109}.Debug|Any CPU.Build.0 = Debug|Any CPU
		{8AB397E0-B17F-4432-A5F1-5099C896C109}.Release|Any CPU.ActiveCfg = Release|Any CPU
		{8AB397E0-B17F-4432-A5F1-5099C896C109}.Release|Any CPU.Build.0 = Release|Any CPU
		{1CB4C291-BE55-496C-B32C-638DA258A486}.Debug|Any CPU.ActiveCfg = Debug|Any CPU
		{1CB4C291-BE55-496C-B32C-638DA258A486}.Debug|Any CPU.Build.0 = Debug|Any CPU
		{1CB4C291-BE55-496C-B32C-638DA258A486}.Release|Any CPU.ActiveCfg = Release|Any CPU
		{1CB4C291-BE55-496C-B32C-638DA258A486}.Release|Any CPU.Build.0 = Release|Any CPU
	EndGlobalSection
	GlobalSection(SolutionProperties) = preSolution
		HideSolutionNode = FALSE
	EndGlobalSection
EndGlobal
